
Microsoft Visual Studio Solution File, Format Version 12.00
# Visual Studio Version 16
VisualStudioVersion = 16.0.29926.136
MinimumVisualStudioVersion = 10.0.40219.1
Project("{FAE04EC0-301F-11D3-BF4B-00C04F79EFBC}") = "UnkillableAsyncConsumer", "UnkillableAsyncConsumer\UnkillableAsyncConsumer.csproj", "{A0A3CCB1-DC0D-4F96-8F36-486C0B56B314}"
EndProject
Global
	GlobalSection(SolutionConfigurationPlatforms) = preSolution
		Debug|Any CPU = Debug|Any CPU
		Release|Any CPU = Release|Any CPU
	EndGlobalSection
	GlobalSection(ProjectConfigurationPlatforms) = postSolution
		{A0A3CCB1-DC0D-4F96-8F36-486C0B56B314}.Debug|Any CPU.ActiveCfg = Debug|Any CPU
		{A0A3CCB1-DC0D-4F96-8F36-486C0B56B314}.Debug|Any CPU.Build.0 = Debug|Any CPU
		{A0A3CCB1-DC0D-4F96-8F36-486C0B56B314}.Release|Any CPU.ActiveCfg = Release|Any CPU
		{A0A3CCB1-DC0D-4F96-8F36-486C0B56B314}.Release|Any CPU.Build.0 = Release|Any CPU
	EndGlobalSection
	GlobalSection(SolutionProperties) = preSolution
		HideSolutionNode = FALSE
	EndGlobalSection
	GlobalSection(ExtensibilityGlobals) = postSolution
		SolutionGuid = {1FD35EA6-ABEF-433F-8055-91411B51A56C}
	EndGlobalSection
EndGlobal
